
Microsoft Visual Studio Solution File, Format Version 11.00
# Visual Studio 2010
Project("{FAE04EC0-301F-11D3-BF4B-00C04F79EFBC}") = "d00ex03", "Assembly-CSharp.csproj", "{887AFD6E-E289-E14D-9D47-19F34FB8D99D}"
EndProject
Global
	GlobalSection(SolutionConfigurationPlatforms) = preSolution
		Debug|Any CPU = Debug|Any CPU
		Release|Any CPU = Release|Any CPU
	EndGlobalSection
	GlobalSection(ProjectConfigurationPlatforms) = postSolution
		{887AFD6E-E289-E14D-9D47-19F34FB8D99D}.Debug|Any CPU.ActiveCfg = Debug|Any CPU
		{887AFD6E-E289-E14D-9D47-19F34FB8D99D}.Debug|Any CPU.Build.0 = Debug|Any CPU
		{887AFD6E-E289-E14D-9D47-19F34FB8D99D}.Release|Any CPU.ActiveCfg = Release|Any CPU
		{887AFD6E-E289-E14D-9D47-19F34FB8D99D}.Release|Any CPU.Build.0 = Release|Any CPU
	EndGlobalSection
	GlobalSection(SolutionProperties) = preSolution
		HideSolutionNode = FALSE
	EndGlobalSection
	GlobalSection(MonoDevelopProperties) = preSolution
		StartupItem = Assembly-CSharp.csproj
	EndGlobalSection
EndGlobal
